
Microsoft Visual Studio Solution File, Format Version 12.00
# Visual Studio Version 17
VisualStudioVersion = 17.3.32929.385
MinimumVisualStudioVersion = 10.0.40219.1
Project("{9A19103F-16F7-4668-BE54-9A1E7A4F7556}") = "Line_bot_Leo", "Line_bot_Leo.csproj", "{4F70DCD6-2FBE-40E7-A0D5-6915C84DDA65}"
EndProject
Global
	GlobalSection(SolutionConfigurationPlatforms) = preSolution
		Debug|Any CPU = Debug|Any CPU
		Release|Any CPU = Release|Any CPU
	EndGlobalSection
	GlobalSection(ProjectConfigurationPlatforms) = postSolution
		{4F70DCD6-2FBE-40E7-A0D5-6915C84DDA65}.Debug|Any CPU.ActiveCfg = Debug|Any CPU
		{4F70DCD6-2FBE-40E7-A0D5-6915C84DDA65}.Debug|Any CPU.Build.0 = Debug|Any CPU
		{4F70DCD6-2FBE-40E7-A0D5-6915C84DDA65}.Release|Any CPU.ActiveCfg = Release|Any CPU
		{4F70DCD6-2FBE-40E7-A0D5-6915C84DDA65}.Release|Any CPU.Build.0 = Release|Any CPU
	EndGlobalSection
	GlobalSection(SolutionProperties) = preSolution
		HideSolutionNode = FALSE
	EndGlobalSection
	GlobalSection(ExtensibilityGlobals) = postSolution
		SolutionGuid = {9481A8D6-EA77-4B06-AC04-121246DECE90}
	EndGlobalSection
EndGlobal
